
Microsoft Visual Studio Solution File, Format Version 12.00
# Visual Studio 15
VisualStudioVersion = 15.0.28307.1778
MinimumVisualStudioVersion = 10.0.40219.1
Project("{FAE04EC0-301F-11D3-BF4B-00C04F79EFBC}") = "Primitive_Types", "Primitive_Types\Primitive_Types.csproj", "{30FA4A5E-A044-4E56-8399-2D98719347E5}"
EndProject
Global
	GlobalSection(SolutionConfigurationPlatforms) = preSolution
		Debug|Any CPU = Debug|Any CPU
		Release|Any CPU = Release|Any CPU
	EndGlobalSection
	GlobalSection(ProjectConfigurationPlatforms) = postSolution
		{30FA4A5E-A044-4E56-8399-2D98719347E5}.Debug|Any CPU.ActiveCfg = Debug|Any CPU
		{30FA4A5E-A044-4E56-8399-2D98719347E5}.Debug|Any CPU.Build.0 = Debug|Any CPU
		{30FA4A5E-A044-4E56-8399-2D98719347E5}.Release|Any CPU.ActiveCfg = Release|Any CPU
		{30FA4A5E-A044-4E56-8399-2D98719347E5}.Release|Any CPU.Build.0 = Release|Any CPU
	EndGlobalSection
	GlobalSection(SolutionProperties) = preSolution
		HideSolutionNode = FALSE
	EndGlobalSection
	GlobalSection(ExtensibilityGlobals) = postSolution
		SolutionGuid = {1847FDD8-7A00-4960-857A-A8178299483E}
	EndGlobalSection
EndGlobal
